
Microsoft Visual Studio Solution File, Format Version 12.00
# Visual Studio Version 17
VisualStudioVersion = 17.5.33424.131
MinimumVisualStudioVersion = 10.0.40219.1
Project("{FAE04EC0-301F-11D3-BF4B-00C04F79EFBC}") = "Blazor.JSInteropPlus", "Blazor.JSInteropPlus\Blazor.JSInteropPlus.csproj", "{1DC570A3-4AD8-4861-845A-0C39F4B67160}"
EndProject
Global
	GlobalSection(SolutionConfigurationPlatforms) = preSolution
		Debug|Any CPU = Debug|Any CPU
		Release|Any CPU = Release|Any CPU
	EndGlobalSection
	GlobalSection(ProjectConfigurationPlatforms) = postSolution
		{1DC570A3-4AD8-4861-845A-0C39F4B67160}.Debug|Any CPU.ActiveCfg = Debug|Any CPU
		{1DC570A3-4AD8-4861-845A-0C39F4B67160}.Debug|Any CPU.Build.0 = Debug|Any CPU
		{1DC570A3-4AD8-4861-845A-0C39F4B67160}.Release|Any CPU.ActiveCfg = Release|Any CPU
		{1DC570A3-4AD8-4861-845A-0C39F4B67160}.Release|Any CPU.Build.0 = Release|Any CPU
	EndGlobalSection
	GlobalSection(SolutionProperties) = preSolution
		HideSolutionNode = FALSE
	EndGlobalSection
	GlobalSection(ExtensibilityGlobals) = postSolution
		SolutionGuid = {1C3E0E91-43D7-473A-8434-3B2DCB4FE66F}
	EndGlobalSection
EndGlobal
